# THIS IS AN AUTOGENERATED FILE. DO NOT EDIT THIS FILE DIRECTLY.
# yarn lockfile v1


deep-object-diff@^1.1.0:
  version "1.1.0"
  resolved "https://registry.yarnpkg.com/deep-object-diff/-/deep-object-diff-1.1.0.tgz#d6fabf476c2ed1751fc94d5ca693d2ed8c18bc5a"
  integrity sha512-b+QLs5vHgS+IoSNcUE4n9HP2NwcHj7aqnJWsjPtuG75Rh5TOaGt0OjAYInh77d5T16V5cRDC+Pw/6ZZZiETBGw==

marked@^4.0.5:
  version "4.0.5"
  resolved "https://registry.yarnpkg.com/marked/-/marked-4.0.5.tgz#85f46937f6a4616de7cbe0e1433e1640c320c729"
  integrity sha512-eUToMA5d5lunnipkCN7zFD0RiunCF2Uo6bImEt/Qx8LZMW7oPXTw7R+f+M5V3eS7164HjEDPfW8/TrefuFhDfw==
